// !$*UTF8*$!
{
	archiveVersion = 1;
	classes = {
	};
	objectVersion = 50;
	objects = {

/* Begin PBXBuildFile section */
		570B7D9923020A410008741C /* TimerView.swift in Sources */ = {isa = PBXBuildFile; fileRef = 570B7D9823020A410008741C /* TimerView.swift */; };
		570B7D9B23020A710008741C /* FeatureBuilder.swift in Sources */ = {isa = PBXBuildFile; fileRef = 570B7D9A23020A710008741C /* FeatureBuilder.swift */; };
		570B7D9D23020C9E0008741C /* Constants.swift in Sources */ = {isa = PBXBuildFile; fileRef = 570B7D9C23020C9E0008741C /* Constants.swift */; };
		5754E9B82309CA3600CA253A /* TimerViewModel.swift in Sources */ = {isa = PBXBuildFile; fileRef = 5754E9B72309CA3600CA253A /* TimerViewModel.swift */; };
		5754E9BA2309CC7700CA253A /* CGTimerViewModelTests.swift in Sources */ = {isa = PBXBuildFile; fileRef = 5754E9B92309CC7700CA253A /* CGTimerViewModelTests.swift */; };
		5754E9BC2309EF6B00CA253A /* TimerProtocols.swift in Sources */ = {isa = PBXBuildFile; fileRef = 5754E9BB2309EF6B00CA253A /* TimerProtocols.swift */; };
		576280EF23034E9B003E6BF6 /* TimerModel.swift in Sources */ = {isa = PBXBuildFile; fileRef = 576280EE23034E9B003E6BF6 /* TimerModel.swift */; };
		576280F92305973A003E6BF6 /* CGTimerModelTests.swift in Sources */ = {isa = PBXBuildFile; fileRef = 576280F82305973A003E6BF6 /* CGTimerModelTests.swift */; };
		57692F57230D895100B2C431 /* TimerViewController+GestureRecogniser.swift in Sources */ = {isa = PBXBuildFile; fileRef = 57692F56230D895100B2C431 /* TimerViewController+GestureRecogniser.swift */; };
		57692F59230D89E200B2C431 /* TimerViewController+TimerDelegate.swift in Sources */ = {isa = PBXBuildFile; fileRef = 57692F58230D89E200B2C431 /* TimerViewController+TimerDelegate.swift */; };
		57692F5E230D8C3C00B2C431 /* TimerView+Animations.swift in Sources */ = {isa = PBXBuildFile; fileRef = 57692F5D230D8C3C00B2C431 /* TimerView+Animations.swift */; };
		57C104312301F32600B5211D /* AppDelegate.swift in Sources */ = {isa = PBXBuildFile; fileRef = 57C104302301F32600B5211D /* AppDelegate.swift */; };
		57C104332301F32600B5211D /* TimerViewController.swift in Sources */ = {isa = PBXBuildFile; fileRef = 57C104322301F32600B5211D /* TimerViewController.swift */; };
		57C104382301F32900B5211D /* Assets.xcassets in Resources */ = {isa = PBXBuildFile; fileRef = 57C104372301F32900B5211D /* Assets.xcassets */; };
		57C1043B2301F32900B5211D /* LaunchScreen.storyboard in Resources */ = {isa = PBXBuildFile; fileRef = 57C104392301F32900B5211D /* LaunchScreen.storyboard */; };
/* End PBXBuildFile section */

/* Begin PBXContainerItemProxy section */
		576280FB2305973A003E6BF6 /* PBXContainerItemProxy */ = {
			isa = PBXContainerItemProxy;
			containerPortal = 57C104252301F32600B5211D /* Project object */;
			proxyType = 1;
			remoteGlobalIDString = 57C1042C2301F32600B5211D;
			remoteInfo = CGTimer;
		};
/* End PBXContainerItemProxy section */

/* Begin PBXFileReference section */
		570B7D9823020A410008741C /* TimerView.swift */ = {isa = PBXFileReference; lastKnownFileType = sourcecode.swift; path = TimerView.swift; sourceTree = "<group>"; };
		570B7D9A23020A710008741C /* FeatureBuilder.swift */ = {isa = PBXFileReference; lastKnownFileType = sourcecode.swift; path = FeatureBuilder.swift; sourceTree = "<group>"; };
		570B7D9C23020C9E0008741C /* Constants.swift */ = {isa = PBXFileReference; lastKnownFileType = sourcecode.swift; path = Constants.swift; sourceTree = "<group>"; };
		570B7D9E23020EE40008741C /* README.md */ = {isa = PBXFileReference; lastKnownFileType = net.daringfireball.markdown; path = README.md; sourceTree = "<group>"; };
		5754E9B72309CA3600CA253A /* TimerViewModel.swift */ = {isa = PBXFileReference; lastKnownFileType = sourcecode.swift; path = TimerViewModel.swift; sourceTree = "<group>"; };
		5754E9B92309CC7700CA253A /* CGTimerViewModelTests.swift */ = {isa = PBXFileReference; lastKnownFileType = sourcecode.swift; path = CGTimerViewModelTests.swift; sourceTree = "<group>"; };
		5754E9BB2309EF6B00CA253A /* TimerProtocols.swift */ = {isa = PBXFileReference; lastKnownFileType = sourcecode.swift; path = TimerProtocols.swift; sourceTree = "<group>"; };
		576280EE23034E9B003E6BF6 /* TimerModel.swift */ = {isa = PBXFileReference; lastKnownFileType = sourcecode.swift; path = TimerModel.swift; sourceTree = "<group>"; };
		576280F62305973A003E6BF6 /* CGTimerTests.xctest */ = {isa = PBXFileReference; explicitFileType = wrapper.cfbundle; includeInIndex = 0; path = CGTimerTests.xctest; sourceTree = BUILT_PRODUCTS_DIR; };
		576280F82305973A003E6BF6 /* CGTimerModelTests.swift */ = {isa = PBXFileReference; lastKnownFileType = sourcecode.swift; path = CGTimerModelTests.swift; sourceTree = "<group>"; };
		576280FA2305973A003E6BF6 /* Info.plist */ = {isa = PBXFileReference; lastKnownFileType = text.plist.xml; path = Info.plist; sourceTree = "<group>"; };
		57692F56230D895100B2C431 /* TimerViewController+GestureRecogniser.swift */ = {isa = PBXFileReference; lastKnownFileType = sourcecode.swift; path = "TimerViewController+GestureRecogniser.swift"; sourceTree = "<group>"; };
		57692F58230D89E200B2C431 /* TimerViewController+TimerDelegate.swift */ = {isa = PBXFileReference; lastKnownFileType = sourcecode.swift; path = "TimerViewController+TimerDelegate.swift"; sourceTree = "<group>"; };
		57692F5D230D8C3C00B2C431 /* TimerView+Animations.swift */ = {isa = PBXFileReference; lastKnownFileType = sourcecode.swift; path = "TimerView+Animations.swift"; sourceTree = "<group>"; };
		57C1042D2301F32600B5211D /* CGTimer.app */ = {isa = PBXFileReference; explicitFileType = wrapper.application; includeInIndex = 0; path = CGTimer.app; sourceTree = BUILT_PRODUCTS_DIR; };
		57C104302301F32600B5211D /* AppDelegate.swift */ = {isa = PBXFileReference; lastKnownFileType = sourcecode.swift; path = AppDelegate.swift; sourceTree = "<group>"; };
		57C104322301F32600B5211D /* TimerViewController.swift */ = {isa = PBXFileReference; lastKnownFileType = sourcecode.swift; path = TimerViewController.swift; sourceTree = "<group>"; };
		57C104372301F32900B5211D /* Assets.xcassets */ = {isa = PBXFileReference; lastKnownFileType = folder.assetcatalog; path = Assets.xcassets; sourceTree = "<group>"; };
		57C1043A2301F32900B5211D /* Base */ = {isa = PBXFileReference; lastKnownFileType = file.storyboard; name = Base; path = Base.lproj/LaunchScreen.storyboard; sourceTree = "<group>"; };
		57C1043C2301F32900B5211D /* Info.plist */ = {isa = PBXFileReference; lastKnownFileType = text.plist.xml; path = Info.plist; sourceTree = "<group>"; };
/* End PBXFileReference section */

/* Begin PBXFrameworksBuildPhase section */
		576280F32305973A003E6BF6 /* Frameworks */ = {
			isa = PBXFrameworksBuildPhase;
			buildActionMask = 2147483647;
			files = (
			);
			runOnlyForDeploymentPostprocessing = 0;
		};
		57C1042A2301F32600B5211D /* Frameworks */ = {
			isa = PBXFrameworksBuildPhase;
			buildActionMask = 2147483647;
			files = (
			);
			runOnlyForDeploymentPostprocessing = 0;
		};
/* End PBXFrameworksBuildPhase section */

/* Begin PBXGroup section */
		576280F72305973A003E6BF6 /* CGTimerTests */ = {
			isa = PBXGroup;
			children = (
				576280F82305973A003E6BF6 /* CGTimerModelTests.swift */,
				5754E9B92309CC7700CA253A /* CGTimerViewModelTests.swift */,
				576280FA2305973A003E6BF6 /* Info.plist */,
			);
			path = CGTimerTests;
			sourceTree = "<group>";
		};
		57692F5A230D8B8300B2C431 /* ViewController */ = {
			isa = PBXGroup;
			children = (
				57C104322301F32600B5211D /* TimerViewController.swift */,
				57692F58230D89E200B2C431 /* TimerViewController+TimerDelegate.swift */,
				57692F56230D895100B2C431 /* TimerViewController+GestureRecogniser.swift */,
			);
			path = ViewController;
			sourceTree = "<group>";
		};
		57692F5B230D8BB700B2C431 /* Models */ = {
			isa = PBXGroup;
			children = (
				576280EE23034E9B003E6BF6 /* TimerModel.swift */,
				5754E9B72309CA3600CA253A /* TimerViewModel.swift */,
			);
			path = Models;
			sourceTree = "<group>";
		};
		57692F5C230D8BCF00B2C431 /* Views */ = {
			isa = PBXGroup;
			children = (
				570B7D9823020A410008741C /* TimerView.swift */,
				57692F5D230D8C3C00B2C431 /* TimerView+Animations.swift */,
			);
			path = Views;
			sourceTree = "<group>";
		};
		57C104242301F32600B5211D = {
			isa = PBXGroup;
			children = (
				570B7D9E23020EE40008741C /* README.md */,
				57C1042F2301F32600B5211D /* CGTimer */,
				576280F72305973A003E6BF6 /* CGTimerTests */,
				57C1042E2301F32600B5211D /* Products */,
			);
			sourceTree = "<group>";
		};
		57C1042E2301F32600B5211D /* Products */ = {
			isa = PBXGroup;
			children = (
				57C1042D2301F32600B5211D /* CGTimer.app */,
				576280F62305973A003E6BF6 /* CGTimerTests.xctest */,
			);
			name = Products;
			sourceTree = "<group>";
		};
		57C1042F2301F32600B5211D /* CGTimer */ = {
			isa = PBXGroup;
			children = (
				57C104302301F32600B5211D /* AppDelegate.swift */,
				570B7D9A23020A710008741C /* FeatureBuilder.swift */,
				570B7D9C23020C9E0008741C /* Constants.swift */,
				5754E9BB2309EF6B00CA253A /* TimerProtocols.swift */,
				57692F5B230D8BB700B2C431 /* Models */,
				57692F5A230D8B8300B2C431 /* ViewController */,
				57692F5C230D8BCF00B2C431 /* Views */,
				57C104372301F32900B5211D /* Assets.xcassets */,
				57C104392301F32900B5211D /* LaunchScreen.storyboard */,
				57C1043C2301F32900B5211D /* Info.plist */,
			);
			path = CGTimer;
			sourceTree = "<group>";
		};
/* End PBXGroup section */

/* Begin PBXNativeTarget section */
		576280F52305973A003E6BF6 /* CGTimerTests */ = {
			isa = PBXNativeTarget;
			buildConfigurationList = 576280FD2305973A003E6BF6 /* Build configuration list for PBXNativeTarget "CGTimerTests" */;
			buildPhases = (
				576280F22305973A003E6BF6 /* Sources */,
				576280F32305973A003E6BF6 /* Frameworks */,
				576280F42305973A003E6BF6 /* Resources */,
			);
			buildRules = (
			);
			dependencies = (
				576280FC2305973A003E6BF6 /* PBXTargetDependency */,
			);
			name = CGTimerTests;
			productName = CGTimerTests;
			productReference = 576280F62305973A003E6BF6 /* CGTimerTests.xctest */;
			productType = "com.apple.product-type.bundle.unit-test";
		};
		57C1042C2301F32600B5211D /* CGTimer */ = {
			isa = PBXNativeTarget;
			buildConfigurationList = 57C1043F2301F32900B5211D /* Build configuration list for PBXNativeTarget "CGTimer" */;
			buildPhases = (
				57C104292301F32600B5211D /* Sources */,
				57C1042A2301F32600B5211D /* Frameworks */,
				57C1042B2301F32600B5211D /* Resources */,
			);
			buildRules = (
			);
			dependencies = (
			);
			name = CGTimer;
			productName = CGTimer;
			productReference = 57C1042D2301F32600B5211D /* CGTimer.app */;
			productType = "com.apple.product-type.application";
		};
/* End PBXNativeTarget section */

/* Begin PBXProject section */
		57C104252301F32600B5211D /* Project object */ = {
			isa = PBXProject;
			attributes = {
				LastSwiftUpdateCheck = 1100;
				LastUpgradeCheck = 1030;
				ORGANIZATIONNAME = "Joss Manger";
				TargetAttributes = {
					576280F52305973A003E6BF6 = {
						CreatedOnToolsVersion = 11.0;
						TestTargetID = 57C1042C2301F32600B5211D;
					};
					57C1042C2301F32600B5211D = {
						CreatedOnToolsVersion = 10.3;
					};
				};
			};
			buildConfigurationList = 57C104282301F32600B5211D /* Build configuration list for PBXProject "CGTimer" */;
			compatibilityVersion = "Xcode 9.3";
			developmentRegion = en;
			hasScannedForEncodings = 0;
			knownRegions = (
				en,
				Base,
			);
			mainGroup = 57C104242301F32600B5211D;
			productRefGroup = 57C1042E2301F32600B5211D /* Products */;
			projectDirPath = "";
			projectRoot = "";
			targets = (
				57C1042C2301F32600B5211D /* CGTimer */,
				576280F52305973A003E6BF6 /* CGTimerTests */,
			);
		};
/* End PBXProject section */

/* Begin PBXResourcesBuildPhase section */
		576280F42305973A003E6BF6 /* Resources */ = {
			isa = PBXResourcesBuildPhase;
			buildActionMask = 2147483647;
			files = (
			);
			runOnlyForDeploymentPostprocessing = 0;
		};
		57C1042B2301F32600B5211D /* Resources */ = {
			isa = PBXResourcesBuildPhase;
			buildActionMask = 2147483647;
			files = (
				57C1043B2301F32900B5211D /* LaunchScreen.storyboard in Resources */,
				57C104382301F32900B5211D /* Assets.xcassets in Resources */,
			);
			runOnlyForDeploymentPostprocessing = 0;
		};
/* End PBXResourcesBuildPhase section */

/* Begin PBXSourcesBuildPhase section */
		576280F22305973A003E6BF6 /* Sources */ = {
			isa = PBXSourcesBuildPhase;
			buildActionMask = 2147483647;
			files = (
				5754E9BA2309CC7700CA253A /* CGTimerViewModelTests.swift in Sources */,
				576280F92305973A003E6BF6 /* CGTimerModelTests.swift in Sources */,
			);
			runOnlyForDeploymentPostprocessing = 0;
		};
		57C104292301F32600B5211D /* Sources */ = {
			isa = PBXSourcesBuildPhase;
			buildActionMask = 2147483647;
			files = (
				57692F5E230D8C3C00B2C431 /* TimerView+Animations.swift in Sources */,
				5754E9B82309CA3600CA253A /* TimerViewModel.swift in Sources */,
				570B7D9D23020C9E0008741C /* Constants.swift in Sources */,
				570B7D9923020A410008741C /* TimerView.swift in Sources */,
				57C104332301F32600B5211D /* TimerViewController.swift in Sources */,
				576280EF23034E9B003E6BF6 /* TimerModel.swift in Sources */,
				57692F59230D89E200B2C431 /* TimerViewController+TimerDelegate.swift in Sources */,
				5754E9BC2309EF6B00CA253A /* TimerProtocols.swift in Sources */,
				57692F57230D895100B2C431 /* TimerViewController+GestureRecogniser.swift in Sources */,
				570B7D9B23020A710008741C /* FeatureBuilder.swift in Sources */,
				57C104312301F32600B5211D /* AppDelegate.swift in Sources */,
			);
			runOnlyForDeploymentPostprocessing = 0;
		};
/* End PBXSourcesBuildPhase section */

/* Begin PBXTargetDependency section */
		576280FC2305973A003E6BF6 /* PBXTargetDependency */ = {
			isa = PBXTargetDependency;
			target = 57C1042C2301F32600B5211D /* CGTimer */;
			targetProxy = 576280FB2305973A003E6BF6 /* PBXContainerItemProxy */;
		};
/* End PBXTargetDependency section */

/* Begin PBXVariantGroup section */
		57C104392301F32900B5211D /* LaunchScreen.storyboard */ = {
			isa = PBXVariantGroup;
			children = (
				57C1043A2301F32900B5211D /* Base */,
			);
			name = LaunchScreen.storyboard;
			sourceTree = "<group>";
		};
/* End PBXVariantGroup section */

/* Begin XCBuildConfiguration section */
		576280FE2305973A003E6BF6 /* Debug */ = {
			isa = XCBuildConfiguration;
			buildSettings = {
				BUNDLE_LOADER = "$(TEST_HOST)";
				CODE_SIGN_STYLE = Automatic;
				DEVELOPMENT_TEAM = 3C42F7N9CQ;
				INFOPLIST_FILE = CGTimerTests/Info.plist;
				IPHONEOS_DEPLOYMENT_TARGET = 13.0;
				LD_RUNPATH_SEARCH_PATHS = (
					"$(inherited)",
					"@executable_path/Frameworks",
					"@loader_path/Frameworks",
				);
				PRODUCT_BUNDLE_IDENTIFIER = co.jossy.CGTimerTests;
				PRODUCT_NAME = "$(TARGET_NAME)";
				SWIFT_VERSION = 5.0;
				TARGETED_DEVICE_FAMILY = "1,2";
				TEST_HOST = "$(BUILT_PRODUCTS_DIR)/CGTimer.app/CGTimer";
			};
			name = Debug;
		};
		576280FF2305973A003E6BF6 /* Release */ = {
			isa = XCBuildConfiguration;
			buildSettings = {
				BUNDLE_LOADER = "$(TEST_HOST)";
				CODE_SIGN_STYLE = Automatic;
				DEVELOPMENT_TEAM = 3C42F7N9CQ;
				INFOPLIST_FILE = CGTimerTests/Info.plist;
				IPHONEOS_DEPLOYMENT_TARGET = 13.0;
				LD_RUNPATH_SEARCH_PATHS = (
					"$(inherited)",
					"@executable_path/Frameworks",
					"@loader_path/Frameworks",
				);
				PRODUCT_BUNDLE_IDENTIFIER = co.jossy.CGTimerTests;
				PRODUCT_NAME = "$(TARGET_NAME)";
				SWIFT_VERSION = 5.0;
				TARGETED_DEVICE_FAMILY = "1,2";
				TEST_HOST = "$(BUILT_PRODUCTS_DIR)/CGTimer.app/CGTimer";
			};
			name = Release;
		};
		57C1043D2301F32900B5211D /* Debug */ = {
			isa = XCBuildConfiguration;
			buildSettings = {
				ALWAYS_SEARCH_USER_PATHS = NO;
				CLANG_ANALYZER_NONNULL = YES;
				CLANG_ANALYZER_NUMBER_OBJECT_CONVERSION = YES_AGGRESSIVE;
				CLANG_CXX_LANGUAGE_STANDARD = "gnu++14";
				CLANG_CXX_LIBRARY = "libc++";
				CLANG_ENABLE_MODULES = YES;
				CLANG_ENABLE_OBJC_ARC = YES;
				CLANG_ENABLE_OBJC_WEAK = YES;
				CLANG_WARN_BLOCK_CAPTURE_AUTORELEASING = YES;
				CLANG_WARN_BOOL_CONVERSION = YES;
				CLANG_WARN_COMMA = YES;
				CLANG_WARN_CONSTANT_CONVERSION = YES;
				CLANG_WARN_DEPRECATED_OBJC_IMPLEMENTATIONS = YES;
				CLANG_WARN_DIRECT_OBJC_ISA_USAGE = YES_ERROR;
				CLANG_WARN_DOCUMENTATION_COMMENTS = YES;
				CLANG_WARN_EMPTY_BODY = YES;
				CLANG_WARN_ENUM_CONVERSION = YES;
				CLANG_WARN_INFINITE_RECURSION = YES;
				CLANG_WARN_INT_CONVERSION = YES;
				CLANG_WARN_NON_LITERAL_NULL_CONVERSION = YES;
				CLANG_WARN_OBJC_IMPLICIT_RETAIN_SELF = YES;
				CLANG_WARN_OBJC_LITERAL_CONVERSION = YES;
				CLANG_WARN_OBJC_ROOT_CLASS = YES_ERROR;
				CLANG_WARN_RANGE_LOOP_ANALYSIS = YES;
				CLANG_WARN_STRICT_PROTOTYPES = YES;
				CLANG_WARN_SUSPICIOUS_MOVE = YES;
				CLANG_WARN_UNGUARDED_AVAILABILITY = YES_AGGRESSIVE;
				CLANG_WARN_UNREACHABLE_CODE = YES;
				CLANG_WARN__DUPLICATE_METHOD_MATCH = YES;
				CODE_SIGN_IDENTITY = "iPhone Developer";
				COPY_PHASE_STRIP = NO;
				DEBUG_INFORMATION_FORMAT = dwarf;
				ENABLE_STRICT_OBJC_MSGSEND = YES;
				ENABLE_TESTABILITY = YES;
				GCC_C_LANGUAGE_STANDARD = gnu11;
				GCC_DYNAMIC_NO_PIC = NO;
				GCC_NO_COMMON_BLOCKS = YES;
				GCC_OPTIMIZATION_LEVEL = 0;
				GCC_PREPROCESSOR_DEFINITIONS = (
					"DEBUG=1",
					"$(inherited)",
				);
				GCC_WARN_64_TO_32_BIT_CONVERSION = YES;
				GCC_WARN_ABOUT_RETURN_TYPE = YES_ERROR;
				GCC_WARN_UNDECLARED_SELECTOR = YES;
				GCC_WARN_UNINITIALIZED_AUTOS = YES_AGGRESSIVE;
				GCC_WARN_UNUSED_FUNCTION = YES;
				GCC_WARN_UNUSED_VARIABLE = YES;
				IPHONEOS_DEPLOYMENT_TARGET = 12.4;
				MTL_ENABLE_DEBUG_INFO = INCLUDE_SOURCE;
				MTL_FAST_MATH = YES;
				ONLY_ACTIVE_ARCH = YES;
				SDKROOT = iphoneos;
				SWIFT_ACTIVE_COMPILATION_CONDITIONS = DEBUG;
				SWIFT_OPTIMIZATION_LEVEL = "-Onone";
			};
			name = Debug;
		};
		57C1043E2301F32900B5211D /* Release */ = {
			isa = XCBuildConfiguration;
			buildSettings = {
				ALWAYS_SEARCH_USER_PATHS = NO;
				CLANG_ANALYZER_NONNULL = YES;
				CLANG_ANALYZER_NUMBER_OBJECT_CONVERSION = YES_AGGRESSIVE;
				CLANG_CXX_LANGUAGE_STANDARD = "gnu++14";
				CLANG_CXX_LIBRARY = "libc++";
				CLANG_ENABLE_MODULES = YES;
				CLANG_ENABLE_OBJC_ARC = YES;
				CLANG_ENABLE_OBJC_WEAK = YES;
				CLANG_WARN_BLOCK_CAPTURE_AUTORELEASING = YES;
				CLANG_WARN_BOOL_CONVERSION = YES;
				CLANG_WARN_COMMA = YES;
				CLANG_WARN_CONSTANT_CONVERSION = YES;
				CLANG_WARN_DEPRECATED_OBJC_IMPLEMENTATIONS = YES;
				CLANG_WARN_DIRECT_OBJC_ISA_USAGE = YES_ERROR;
				CLANG_WARN_DOCUMENTATION_COMMENTS = YES;
				CLANG_WARN_EMPTY_BODY = YES;
				CLANG_WARN_ENUM_CONVERSION = YES;
				CLANG_WARN_INFINITE_RECURSION = YES;
				CLANG_WARN_INT_CONVERSION = YES;
				CLANG_WARN_NON_LITERAL_NULL_CONVERSION = YES;
				CLANG_WARN_OBJC_IMPLICIT_RETAIN_SELF = YES;
				CLANG_WARN_OBJC_LITERAL_CONVERSION = YES;
				CLANG_WARN_OBJC_ROOT_CLASS = YES_ERROR;
				CLANG_WARN_RANGE_LOOP_ANALYSIS = YES;
				CLANG_WARN_STRICT_PROTOTYPES = YES;
				CLANG_WARN_SUSPICIOUS_MOVE = YES;
				CLANG_WARN_UNGUARDED_AVAILABILITY = YES_AGGRESSIVE;
				CLANG_WARN_UNREACHABLE_CODE = YES;
				CLANG_WARN__DUPLICATE_METHOD_MATCH = YES;
				CODE_SIGN_IDENTITY = "iPhone Developer";
				COPY_PHASE_STRIP = NO;
				DEBUG_INFORMATION_FORMAT = "dwarf-with-dsym";
				ENABLE_NS_ASSERTIONS = NO;
				ENABLE_STRICT_OBJC_MSGSEND = YES;
				GCC_C_LANGUAGE_STANDARD = gnu11;
				GCC_NO_COMMON_BLOCKS = YES;
				GCC_WARN_64_TO_32_BIT_CONVERSION = YES;
				GCC_WARN_ABOUT_RETURN_TYPE = YES_ERROR;
				GCC_WARN_UNDECLARED_SELECTOR = YES;
				GCC_WARN_UNINITIALIZED_AUTOS = YES_AGGRESSIVE;
				GCC_WARN_UNUSED_FUNCTION = YES;
				GCC_WARN_UNUSED_VARIABLE = YES;
				IPHONEOS_DEPLOYMENT_TARGET = 12.4;
				MTL_ENABLE_DEBUG_INFO = NO;
				MTL_FAST_MATH = YES;
				SDKROOT = iphoneos;
				SWIFT_COMPILATION_MODE = wholemodule;
				SWIFT_OPTIMIZATION_LEVEL = "-O";
				VALIDATE_PRODUCT = YES;
			};
			name = Release;
		};
		57C104402301F32900B5211D /* Debug */ = {
			isa = XCBuildConfiguration;
			buildSettings = {
				ASSETCATALOG_COMPILER_APPICON_NAME = AppIcon;
				CODE_SIGN_STYLE = Automatic;
				DEVELOPMENT_TEAM = 3C42F7N9CQ;
				INFOPLIST_FILE = CGTimer/Info.plist;
				LD_RUNPATH_SEARCH_PATHS = (
					"$(inherited)",
					"@executable_path/Frameworks",
				);
				PRODUCT_BUNDLE_IDENTIFIER = co.jossy.CGTimer;
				PRODUCT_NAME = "$(TARGET_NAME)";
				SWIFT_VERSION = 5.0;
				TARGETED_DEVICE_FAMILY = "1,2";
			};
			name = Debug;
		};
		57C104412301F32900B5211D /* Release */ = {
			isa = XCBuildConfiguration;
			buildSettings = {
				ASSETCATALOG_COMPILER_APPICON_NAME = AppIcon;
				CODE_SIGN_STYLE = Automatic;
				DEVELOPMENT_TEAM = 3C42F7N9CQ;
				INFOPLIST_FILE = CGTimer/Info.plist;
				LD_RUNPATH_SEARCH_PATHS = (
					"$(inherited)",
					"@executable_path/Frameworks",
				);
				PRODUCT_BUNDLE_IDENTIFIER = co.jossy.CGTimer;
				PRODUCT_NAME = "$(TARGET_NAME)";
				SWIFT_VERSION = 5.0;
				TARGETED_DEVICE_FAMILY = "1,2";
			};
			name = Release;
		};
/* End XCBuildConfiguration section */

/* Begin XCConfigurationList section */
		576280FD2305973A003E6BF6 /* Build configuration list for PBXNativeTarget "CGTimerTests" */ = {
			isa = XCConfigurationList;
			buildConfigurations = (
				576280FE2305973A003E6BF6 /* Debug */,
				576280FF2305973A003E6BF6 /* Release */,
			);
			defaultConfigurationIsVisible = 0;
			defaultConfigurationName = Release;
		};
		57C104282301F32600B5211D /* Build configuration list for PBXProject "CGTimer" */ = {
			isa = XCConfigurationList;
			buildConfigurations = (
				57C1043D2301F32900B5211D /* Debug */,
				57C1043E2301F32900B5211D /* Release */,
			);
			defaultConfigurationIsVisible = 0;
			defaultConfigurationName = Release;
		};
		57C1043F2301F32900B5211D /* Build configuration list for PBXNativeTarget "CGTimer" */ = {
			isa = XCConfigurationList;
			buildConfigurations = (
				57C104402301F32900B5211D /* Debug */,
				57C104412301F32900B5211D /* Release */,
			);
			defaultConfigurationIsVisible = 0;
			defaultConfigurationName = Release;
		};
/* End XCConfigurationList section */
	};
	rootObject = 57C104252301F32600B5211D /* Project object */;
}
